<?xml version="1.0" encoding="utf-8"?>
<Project ToolsVersion="4.0" xmlns="http://schemas.microsoft.com/developer/msbuild/2003">
  <ItemGroup>
    <Filter Include="Source Files">
      <UniqueIdentifier>{4f4825fa-cc0a-4680-834e-ccbf45f99c89}</UniqueIdentifier>
      <Extensions>cpp;c;cxx;rc;def;r;odl;idl;hpj;bat</Extensions>
    </Filter>
    <Filter Include="Header Files">
      <UniqueIdentifier>{037dc988-3032-4860-b873-5464bde6cd50}</UniqueIdentifier>
      <Extensions>h;hpp;hxx;hm;inl</Extensions>
    </Filter>
    <Filter Include="Documents">
      <UniqueIdentifier>{774309c7-5c38-4185-ab64-478e4795e2f9}</UniqueIdentifier>
    </Filter>
  </ItemGroup>
  <ItemGroup>
    <None Include="Docs\Readme.txt">
      <Filter>Documents</Filter>
    </None>
  </ItemGroup>
  <ItemGroup>
    <ClInclude Include="Includes\BackBuffer.h">
      <Filter>Header Files</Filter>
    </ClInclude>
    <ClInclude Include="Includes\Button.h">
      <Filter>Header Files</Filter>
    </ClInclude>
    <ClInclude Include="Includes\Player.h">
      <Filter>Header Files</Filter>
    </ClInclude>
    <ClInclude Include="Includes\Sprite.h">
      <Filter>Header Files</Filter>
    </ClInclude>
    <ClInclude Include="Includes\Tube.h">
      <Filter>Header Files</Filter>
    </ClInclude>
    <ClInclude Include="Includes\Vec2.h">
      <Filter>Header Files</Filter>
    </ClInclude>
    <ClInclude Include="Includes\FlappyBird.h">
      <Filter>Header Files</Filter>
    </ClInclude>
    <ClInclude Include="Includes\Projectile.h">
      <Filter>Header Files</Filter>
    </ClInclude>
    <ClInclude Include="Includes\Rect.h">
      <Filter>Header Files</Filter>
    </ClInclude>
    <ClInclude Include="Res\resource.h">
      <Filter>Header Files</Filter>
    </ClInclude>
    <ClInclude Include="Includes\ParallaxLayer.h">
      <Filter>Header Files</Filter>
    </ClInclude>
  </ItemGroup>
  <ItemGroup>
    <ClCompile Include="Source\BackBuffer.cpp">
      <Filter>Source Files</Filter>
    </ClCompile>
    <ClCompile Include="Source\Button.cpp">
      <Filter>Source Files</Filter>
    </ClCompile>
    <ClCompile Include="Source\Player.cpp">
      <Filter>Source Files</Filter>
    </ClCompile>
    <ClCompile Include="Source\Sprite.cpp">
      <Filter>Source Files</Filter>
    </ClCompile>
    <ClCompile Include="Source\Tube.cpp">
      <Filter>Source Files</Filter>
    </ClCompile>
    <ClCompile Include="Source\Vec2.cpp">
      <Filter>Source Files</Filter>
    </ClCompile>
    <ClCompile Include="Source\FlappyBird.cpp">
      <Filter>Source Files</Filter>
    </ClCompile>
    <ClCompile Include="Source\giFlappyBird.cpp">
      <Filter>Source Files</Filter>
    </ClCompile>
    <ClCompile Include="Source\Projectile.cpp">
      <Filter>Source Files</Filter>
    </ClCompile>
    <ClCompile Include="Source\Rect.cpp">
      <Filter>Source Files</Filter>
    </ClCompile>
    <ClCompile Include="Source\ParallaxLayer.cpp">
      <Filter>Source Files</Filter>
    </ClCompile>
  </ItemGroup>
  <ItemGroup>
    <ResourceCompile Include="Res\Flappy.rc">
      <Filter>Source Files</Filter>
    </ResourceCompile>
  </ItemGroup>
</Project>